// !$*UTF8*$!
{
	archiveVersion = 1;
	classes = {
	};
	objectVersion = 56;
	objects = {

/* Begin PBXBuildFile section */
		BB0A173C2B8CFCCB004B90D7 /* AppDelegate.swift in Sources */ = {isa = PBXBuildFile; fileRef = BB0A173B2B8CFCCB004B90D7 /* AppDelegate.swift */; };
		BB0A173E2B8CFCCB004B90D7 /* SceneDelegate.swift in Sources */ = {isa = PBXBuildFile; fileRef = BB0A173D2B8CFCCB004B90D7 /* SceneDelegate.swift */; };
		BB0A17402B8CFCCB004B90D7 /* ViewController.swift in Sources */ = {isa = PBXBuildFile; fileRef = BB0A173F2B8CFCCB004B90D7 /* ViewController.swift */; };
		BB0A17432B8CFCCB004B90D7 /* Main.storyboard in Resources */ = {isa = PBXBuildFile; fileRef = BB0A17412B8CFCCB004B90D7 /* Main.storyboard */; };
		BB0A17452B8CFCCC004B90D7 /* Assets.xcassets in Resources */ = {isa = PBXBuildFile; fileRef = BB0A17442B8CFCCC004B90D7 /* Assets.xcassets */; };
		BB0A17482B8CFCCC004B90D7 /* LaunchScreen.storyboard in Resources */ = {isa = PBXBuildFile; fileRef = BB0A17462B8CFCCC004B90D7 /* LaunchScreen.storyboard */; };
		BB0A17532B8CFCCC004B90D7 /* Hello_MetalTests.swift in Sources */ = {isa = PBXBuildFile; fileRef = BB0A17522B8CFCCC004B90D7 /* Hello_MetalTests.swift */; };
		BB0A175D2B8CFCCC004B90D7 /* Hello_MetalUITests.swift in Sources */ = {isa = PBXBuildFile; fileRef = BB0A175C2B8CFCCC004B90D7 /* Hello_MetalUITests.swift */; };
		BB0A175F2B8CFCCC004B90D7 /* Hello_MetalUITestsLaunchTests.swift in Sources */ = {isa = PBXBuildFile; fileRef = BB0A175E2B8CFCCC004B90D7 /* Hello_MetalUITestsLaunchTests.swift */; };
		BB0A176C2B8CFCF9004B90D7 /* Shaders.metal in Sources */ = {isa = PBXBuildFile; fileRef = BB0A176B2B8CFCF9004B90D7 /* Shaders.metal */; };
/* End PBXBuildFile section */

/* Begin PBXContainerItemProxy section */
		BB0A174F2B8CFCCC004B90D7 /* PBXContainerItemProxy */ = {
			isa = PBXContainerItemProxy;
			containerPortal = BB0A17302B8CFCCA004B90D7 /* Project object */;
			proxyType = 1;
			remoteGlobalIDString = BB0A17372B8CFCCB004B90D7;
			remoteInfo = "Hello Metal";
		};
		BB0A17592B8CFCCC004B90D7 /* PBXContainerItemProxy */ = {
			isa = PBXContainerItemProxy;
			containerPortal = BB0A17302B8CFCCA004B90D7 /* Project object */;
			proxyType = 1;
			remoteGlobalIDString = BB0A17372B8CFCCB004B90D7;
			remoteInfo = "Hello Metal";
		};
/* End PBXContainerItemProxy section */

/* Begin PBXFileReference section */
		BB0A17382B8CFCCB004B90D7 /* Hello Metal.app */ = {isa = PBXFileReference; explicitFileType = wrapper.application; includeInIndex = 0; path = "Hello Metal.app"; sourceTree = BUILT_PRODUCTS_DIR; };
		BB0A173B2B8CFCCB004B90D7 /* AppDelegate.swift */ = {isa = PBXFileReference; lastKnownFileType = sourcecode.swift; path = AppDelegate.swift; sourceTree = "<group>"; };
		BB0A173D2B8CFCCB004B90D7 /* SceneDelegate.swift */ = {isa = PBXFileReference; lastKnownFileType = sourcecode.swift; path = SceneDelegate.swift; sourceTree = "<group>"; };
		BB0A173F2B8CFCCB004B90D7 /* ViewController.swift */ = {isa = PBXFileReference; lastKnownFileType = sourcecode.swift; path = ViewController.swift; sourceTree = "<group>"; };
		BB0A17422B8CFCCB004B90D7 /* Base */ = {isa = PBXFileReference; lastKnownFileType = file.storyboard; name = Base; path = Base.lproj/Main.storyboard; sourceTree = "<group>"; };
		BB0A17442B8CFCCC004B90D7 /* Assets.xcassets */ = {isa = PBXFileReference; lastKnownFileType = folder.assetcatalog; path = Assets.xcassets; sourceTree = "<group>"; };
		BB0A17472B8CFCCC004B90D7 /* Base */ = {isa = PBXFileReference; lastKnownFileType = file.storyboard; name = Base; path = Base.lproj/LaunchScreen.storyboard; sourceTree = "<group>"; };
		BB0A17492B8CFCCC004B90D7 /* Info.plist */ = {isa = PBXFileReference; lastKnownFileType = text.plist.xml; path = Info.plist; sourceTree = "<group>"; };
		BB0A174E2B8CFCCC004B90D7 /* Hello MetalTests.xctest */ = {isa = PBXFileReference; explicitFileType = wrapper.cfbundle; includeInIndex = 0; path = "Hello MetalTests.xctest"; sourceTree = BUILT_PRODUCTS_DIR; };
		BB0A17522B8CFCCC004B90D7 /* Hello_MetalTests.swift */ = {isa = PBXFileReference; lastKnownFileType = sourcecode.swift; path = Hello_MetalTests.swift; sourceTree = "<group>"; };
		BB0A17582B8CFCCC004B90D7 /* Hello MetalUITests.xctest */ = {isa = PBXFileReference; explicitFileType = wrapper.cfbundle; includeInIndex = 0; path = "Hello MetalUITests.xctest"; sourceTree = BUILT_PRODUCTS_DIR; };
		BB0A175C2B8CFCCC004B90D7 /* Hello_MetalUITests.swift */ = {isa = PBXFileReference; lastKnownFileType = sourcecode.swift; path = Hello_MetalUITests.swift; sourceTree = "<group>"; };
		BB0A175E2B8CFCCC004B90D7 /* Hello_MetalUITestsLaunchTests.swift */ = {isa = PBXFileReference; lastKnownFileType = sourcecode.swift; path = Hello_MetalUITestsLaunchTests.swift; sourceTree = "<group>"; };
		BB0A176B2B8CFCF9004B90D7 /* Shaders.metal */ = {isa = PBXFileReference; lastKnownFileType = sourcecode.metal; path = Shaders.metal; sourceTree = "<group>"; };
/* End PBXFileReference section */

/* Begin PBXFrameworksBuildPhase section */
		BB0A17352B8CFCCB004B90D7 /* Frameworks */ = {
			isa = PBXFrameworksBuildPhase;
			buildActionMask = 2147483647;
			files = (
			);
			runOnlyForDeploymentPostprocessing = 0;
		};
		BB0A174B2B8CFCCC004B90D7 /* Frameworks */ = {
			isa = PBXFrameworksBuildPhase;
			buildActionMask = 2147483647;
			files = (
			);
			runOnlyForDeploymentPostprocessing = 0;
		};
		BB0A17552B8CFCCC004B90D7 /* Frameworks */ = {
			isa = PBXFrameworksBuildPhase;
			buildActionMask = 2147483647;
			files = (
			);
			runOnlyForDeploymentPostprocessing = 0;
		};
/* End PBXFrameworksBuildPhase section */

/* Begin PBXGroup section */
		BB0A172F2B8CFCCA004B90D7 = {
			isa = PBXGroup;
			children = (
				BB0A173A2B8CFCCB004B90D7 /* Hello Metal */,
				BB0A17512B8CFCCC004B90D7 /* Hello MetalTests */,
				BB0A175B2B8CFCCC004B90D7 /* Hello MetalUITests */,
				BB0A17392B8CFCCB004B90D7 /* Products */,
			);
			sourceTree = "<group>";
		};
		BB0A17392B8CFCCB004B90D7 /* Products */ = {
			isa = PBXGroup;
			children = (
				BB0A17382B8CFCCB004B90D7 /* Hello Metal.app */,
				BB0A174E2B8CFCCC004B90D7 /* Hello MetalTests.xctest */,
				BB0A17582B8CFCCC004B90D7 /* Hello MetalUITests.xctest */,
			);
			name = Products;
			sourceTree = "<group>";
		};
		BB0A173A2B8CFCCB004B90D7 /* Hello Metal */ = {
			isa = PBXGroup;
			children = (
				BB0A173B2B8CFCCB004B90D7 /* AppDelegate.swift */,
				BB0A173D2B8CFCCB004B90D7 /* SceneDelegate.swift */,
				BB0A173F2B8CFCCB004B90D7 /* ViewController.swift */,
				BB0A17412B8CFCCB004B90D7 /* Main.storyboard */,
				BB0A176B2B8CFCF9004B90D7 /* Shaders.metal */,
				BB0A17442B8CFCCC004B90D7 /* Assets.xcassets */,
				BB0A17462B8CFCCC004B90D7 /* LaunchScreen.storyboard */,
				BB0A17492B8CFCCC004B90D7 /* Info.plist */,
			);
			path = "Hello Metal";
			sourceTree = "<group>";
		};
		BB0A17512B8CFCCC004B90D7 /* Hello MetalTests */ = {
			isa = PBXGroup;
			children = (
				BB0A17522B8CFCCC004B90D7 /* Hello_MetalTests.swift */,
			);
			path = "Hello MetalTests";
			sourceTree = "<group>";
		};
		BB0A175B2B8CFCCC004B90D7 /* Hello MetalUITests */ = {
			isa = PBXGroup;
			children = (
				BB0A175C2B8CFCCC004B90D7 /* Hello_MetalUITests.swift */,
				BB0A175E2B8CFCCC004B90D7 /* Hello_MetalUITestsLaunchTests.swift */,
			);
			path = "Hello MetalUITests";
			sourceTree = "<group>";
		};
/* End PBXGroup section */

/* Begin PBXNativeTarget section */
		BB0A17372B8CFCCB004B90D7 /* Hello Metal */ = {
			isa = PBXNativeTarget;
			buildConfigurationList = BB0A17622B8CFCCC004B90D7 /* Build configuration list for PBXNativeTarget "Hello Metal" */;
			buildPhases = (
				BB0A17342B8CFCCB004B90D7 /* Sources */,
				BB0A17352B8CFCCB004B90D7 /* Frameworks */,
				BB0A17362B8CFCCB004B90D7 /* Resources */,
			);
			buildRules = (
			);
			dependencies = (
			);
			name = "Hello Metal";
			productName = "Hello Metal";
			productReference = BB0A17382B8CFCCB004B90D7 /* Hello Metal.app */;
			productType = "com.apple.product-type.application";
		};
		BB0A174D2B8CFCCC004B90D7 /* Hello MetalTests */ = {
			isa = PBXNativeTarget;
			buildConfigurationList = BB0A17652B8CFCCC004B90D7 /* Build configuration list for PBXNativeTarget "Hello MetalTests" */;
			buildPhases = (
				BB0A174A2B8CFCCC004B90D7 /* Sources */,
				BB0A174B2B8CFCCC004B90D7 /* Frameworks */,
				BB0A174C2B8CFCCC004B90D7 /* Resources */,
			);
			buildRules = (
			);
			dependencies = (
				BB0A17502B8CFCCC004B90D7 /* PBXTargetDependency */,
			);
			name = "Hello MetalTests";
			productName = "Hello MetalTests";
			productReference = BB0A174E2B8CFCCC004B90D7 /* Hello MetalTests.xctest */;
			productType = "com.apple.product-type.bundle.unit-test";
		};
		BB0A17572B8CFCCC004B90D7 /* Hello MetalUITests */ = {
			isa = PBXNativeTarget;
			buildConfigurationList = BB0A17682B8CFCCC004B90D7 /* Build configuration list for PBXNativeTarget "Hello MetalUITests" */;
			buildPhases = (
				BB0A17542B8CFCCC004B90D7 /* Sources */,
				BB0A17552B8CFCCC004B90D7 /* Frameworks */,
				BB0A17562B8CFCCC004B90D7 /* Resources */,
			);
			buildRules = (
			);
			dependencies = (
				BB0A175A2B8CFCCC004B90D7 /* PBXTargetDependency */,
			);
			name = "Hello MetalUITests";
			productName = "Hello MetalUITests";
			productReference = BB0A17582B8CFCCC004B90D7 /* Hello MetalUITests.xctest */;
			productType = "com.apple.product-type.bundle.ui-testing";
		};
/* End PBXNativeTarget section */

/* Begin PBXProject section */
		BB0A17302B8CFCCA004B90D7 /* Project object */ = {
			isa = PBXProject;
			attributes = {
				BuildIndependentTargetsInParallel = 1;
				LastSwiftUpdateCheck = 1500;
				LastUpgradeCheck = 1500;
				TargetAttributes = {
					BB0A17372B8CFCCB004B90D7 = {
						CreatedOnToolsVersion = 15.0.1;
					};
					BB0A174D2B8CFCCC004B90D7 = {
						CreatedOnToolsVersion = 15.0.1;
						TestTargetID = BB0A17372B8CFCCB004B90D7;
					};
					BB0A17572B8CFCCC004B90D7 = {
						CreatedOnToolsVersion = 15.0.1;
						TestTargetID = BB0A17372B8CFCCB004B90D7;
					};
				};
			};
			buildConfigurationList = BB0A17332B8CFCCA004B90D7 /* Build configuration list for PBXProject "Hello Metal" */;
			compatibilityVersion = "Xcode 14.0";
			developmentRegion = en;
			hasScannedForEncodings = 0;
			knownRegions = (
				en,
				Base,
			);
			mainGroup = BB0A172F2B8CFCCA004B90D7;
			productRefGroup = BB0A17392B8CFCCB004B90D7 /* Products */;
			projectDirPath = "";
			projectRoot = "";
			targets = (
				BB0A17372B8CFCCB004B90D7 /* Hello Metal */,
				BB0A174D2B8CFCCC004B90D7 /* Hello MetalTests */,
				BB0A17572B8CFCCC004B90D7 /* Hello MetalUITests */,
			);
		};
/* End PBXProject section */

/* Begin PBXResourcesBuildPhase section */
		BB0A17362B8CFCCB004B90D7 /* Resources */ = {
			isa = PBXResourcesBuildPhase;
			buildActionMask = 2147483647;
			files = (
				BB0A17482B8CFCCC004B90D7 /* LaunchScreen.storyboard in Resources */,
				BB0A17452B8CFCCC004B90D7 /* Assets.xcassets in Resources */,
				BB0A17432B8CFCCB004B90D7 /* Main.storyboard in Resources */,
			);
			runOnlyForDeploymentPostprocessing = 0;
		};
		BB0A174C2B8CFCCC004B90D7 /* Resources */ = {
			isa = PBXResourcesBuildPhase;
			buildActionMask = 2147483647;
			files = (
			);
			runOnlyForDeploymentPostprocessing = 0;
		};
		BB0A17562B8CFCCC004B90D7 /* Resources */ = {
			isa = PBXResourcesBuildPhase;
			buildActionMask = 2147483647;
			files = (
			);
			runOnlyForDeploymentPostprocessing = 0;
		};
/* End PBXResourcesBuildPhase section */

/* Begin PBXSourcesBuildPhase section */
		BB0A17342B8CFCCB004B90D7 /* Sources */ = {
			isa = PBXSourcesBuildPhase;
			buildActionMask = 2147483647;
			files = (
				BB0A176C2B8CFCF9004B90D7 /* Shaders.metal in Sources */,
				BB0A17402B8CFCCB004B90D7 /* ViewController.swift in Sources */,
				BB0A173C2B8CFCCB004B90D7 /* AppDelegate.swift in Sources */,
				BB0A173E2B8CFCCB004B90D7 /* SceneDelegate.swift in Sources */,
			);
			runOnlyForDeploymentPostprocessing = 0;
		};
		BB0A174A2B8CFCCC004B90D7 /* Sources */ = {
			isa = PBXSourcesBuildPhase;
			buildActionMask = 2147483647;
			files = (
				BB0A17532B8CFCCC004B90D7 /* Hello_MetalTests.swift in Sources */,
			);
			runOnlyForDeploymentPostprocessing = 0;
		};
		BB0A17542B8CFCCC004B90D7 /* Sources */ = {
			isa = PBXSourcesBuildPhase;
			buildActionMask = 2147483647;
			files = (
				BB0A175D2B8CFCCC004B90D7 /* Hello_MetalUITests.swift in Sources */,
				BB0A175F2B8CFCCC004B90D7 /* Hello_MetalUITestsLaunchTests.swift in Sources */,
			);
			runOnlyForDeploymentPostprocessing = 0;
		};
/* End PBXSourcesBuildPhase section */

/* Begin PBXTargetDependency section */
		BB0A17502B8CFCCC004B90D7 /* PBXTargetDependency */ = {
			isa = PBXTargetDependency;
			target = BB0A17372B8CFCCB004B90D7 /* Hello Metal */;
			targetProxy = BB0A174F2B8CFCCC004B90D7 /* PBXContainerItemProxy */;
		};
		BB0A175A2B8CFCCC004B90D7 /* PBXTargetDependency */ = {
			isa = PBXTargetDependency;
			target = BB0A17372B8CFCCB004B90D7 /* Hello Metal */;
			targetProxy = BB0A17592B8CFCCC004B90D7 /* PBXContainerItemProxy */;
		};
/* End PBXTargetDependency section */

/* Begin PBXVariantGroup section */
		BB0A17412B8CFCCB004B90D7 /* Main.storyboard */ = {
			isa = PBXVariantGroup;
			children = (
				BB0A17422B8CFCCB004B90D7 /* Base */,
			);
			name = Main.storyboard;
			sourceTree = "<group>";
		};
		BB0A17462B8CFCCC004B90D7 /* LaunchScreen.storyboard */ = {
			isa = PBXVariantGroup;
			children = (
				BB0A17472B8CFCCC004B90D7 /* Base */,
			);
			name = LaunchScreen.storyboard;
			sourceTree = "<group>";
		};
/* End PBXVariantGroup section */

/* Begin XCBuildConfiguration section */
		BB0A17602B8CFCCC004B90D7 /* Debug */ = {
			isa = XCBuildConfiguration;
			buildSettings = {
				ALWAYS_SEARCH_USER_PATHS = NO;
				ASSETCATALOG_COMPILER_GENERATE_SWIFT_ASSET_SYMBOL_EXTENSIONS = YES;
				CLANG_ANALYZER_NONNULL = YES;
				CLANG_ANALYZER_NUMBER_OBJECT_CONVERSION = YES_AGGRESSIVE;
				CLANG_CXX_LANGUAGE_STANDARD = "gnu++20";
				CLANG_ENABLE_MODULES = YES;
				CLANG_ENABLE_OBJC_ARC = YES;
				CLANG_ENABLE_OBJC_WEAK = YES;
				CLANG_WARN_BLOCK_CAPTURE_AUTORELEASING = YES;
				CLANG_WARN_BOOL_CONVERSION = YES;
				CLANG_WARN_COMMA = YES;
				CLANG_WARN_CONSTANT_CONVERSION = YES;
				CLANG_WARN_DEPRECATED_OBJC_IMPLEMENTATIONS = YES;
				CLANG_WARN_DIRECT_OBJC_ISA_USAGE = YES_ERROR;
				CLANG_WARN_DOCUMENTATION_COMMENTS = YES;
				CLANG_WARN_EMPTY_BODY = YES;
				CLANG_WARN_ENUM_CONVERSION = YES;
				CLANG_WARN_INFINITE_RECURSION = YES;
				CLANG_WARN_INT_CONVERSION = YES;
				CLANG_WARN_NON_LITERAL_NULL_CONVERSION = YES;
				CLANG_WARN_OBJC_IMPLICIT_RETAIN_SELF = YES;
				CLANG_WARN_OBJC_LITERAL_CONVERSION = YES;
				CLANG_WARN_OBJC_ROOT_CLASS = YES_ERROR;
				CLANG_WARN_QUOTED_INCLUDE_IN_FRAMEWORK_HEADER = YES;
				CLANG_WARN_RANGE_LOOP_ANALYSIS = YES;
				CLANG_WARN_STRICT_PROTOTYPES = YES;
				CLANG_WARN_SUSPICIOUS_MOVE = YES;
				CLANG_WARN_UNGUARDED_AVAILABILITY = YES_AGGRESSIVE;
				CLANG_WARN_UNREACHABLE_CODE = YES;
				CLANG_WARN__DUPLICATE_METHOD_MATCH = YES;
				COPY_PHASE_STRIP = NO;
				DEBUG_INFORMATION_FORMAT = dwarf;
				ENABLE_STRICT_OBJC_MSGSEND = YES;
				ENABLE_TESTABILITY = YES;
				ENABLE_USER_SCRIPT_SANDBOXING = YES;
				GCC_C_LANGUAGE_STANDARD = gnu17;
				GCC_DYNAMIC_NO_PIC = NO;
				GCC_NO_COMMON_BLOCKS = YES;
				GCC_OPTIMIZATION_LEVEL = 0;
				GCC_PREPROCESSOR_DEFINITIONS = (
					"DEBUG=1",
					"$(inherited)",
				);
				GCC_WARN_64_TO_32_BIT_CONVERSION = YES;
				GCC_WARN_ABOUT_RETURN_TYPE = YES_ERROR;
				GCC_WARN_UNDECLARED_SELECTOR = YES;
				GCC_WARN_UNINITIALIZED_AUTOS = YES_AGGRESSIVE;
				GCC_WARN_UNUSED_FUNCTION = YES;
				GCC_WARN_UNUSED_VARIABLE = YES;
				IPHONEOS_DEPLOYMENT_TARGET = 17.0;
				LOCALIZATION_PREFERS_STRING_CATALOGS = YES;
				MTL_ENABLE_DEBUG_INFO = INCLUDE_SOURCE;
				MTL_FAST_MATH = YES;
				ONLY_ACTIVE_ARCH = YES;
				SDKROOT = iphoneos;
				SWIFT_ACTIVE_COMPILATION_CONDITIONS = "DEBUG $(inherited)";
				SWIFT_OPTIMIZATION_LEVEL = "-Onone";
			};
			name = Debug;
		};
		BB0A17612B8CFCCC004B90D7 /* Release */ = {
			isa = XCBuildConfiguration;
			buildSettings = {
				ALWAYS_SEARCH_USER_PATHS = NO;
				ASSETCATALOG_COMPILER_GENERATE_SWIFT_ASSET_SYMBOL_EXTENSIONS = YES;
				CLANG_ANALYZER_NONNULL = YES;
				CLANG_ANALYZER_NUMBER_OBJECT_CONVERSION = YES_AGGRESSIVE;
				CLANG_CXX_LANGUAGE_STANDARD = "gnu++20";
				CLANG_ENABLE_MODULES = YES;
				CLANG_ENABLE_OBJC_ARC = YES;
				CLANG_ENABLE_OBJC_WEAK = YES;
				CLANG_WARN_BLOCK_CAPTURE_AUTORELEASING = YES;
				CLANG_WARN_BOOL_CONVERSION = YES;
				CLANG_WARN_COMMA = YES;
				CLANG_WARN_CONSTANT_CONVERSION = YES;
				CLANG_WARN_DEPRECATED_OBJC_IMPLEMENTATIONS = YES;
				CLANG_WARN_DIRECT_OBJC_ISA_USAGE = YES_ERROR;
				CLANG_WARN_DOCUMENTATION_COMMENTS = YES;
				CLANG_WARN_EMPTY_BODY = YES;
				CLANG_WARN_ENUM_CONVERSION = YES;
				CLANG_WARN_INFINITE_RECURSION = YES;
				CLANG_WARN_INT_CONVERSION = YES;
				CLANG_WARN_NON_LITERAL_NULL_CONVERSION = YES;
				CLANG_WARN_OBJC_IMPLICIT_RETAIN_SELF = YES;
				CLANG_WARN_OBJC_LITERAL_CONVERSION = YES;
				CLANG_WARN_OBJC_ROOT_CLASS = YES_ERROR;
				CLANG_WARN_QUOTED_INCLUDE_IN_FRAMEWORK_HEADER = YES;
				CLANG_WARN_RANGE_LOOP_ANALYSIS = YES;
				CLANG_WARN_STRICT_PROTOTYPES = YES;
				CLANG_WARN_SUSPICIOUS_MOVE = YES;
				CLANG_WARN_UNGUARDED_AVAILABILITY = YES_AGGRESSIVE;
				CLANG_WARN_UNREACHABLE_CODE = YES;
				CLANG_WARN__DUPLICATE_METHOD_MATCH = YES;
				COPY_PHASE_STRIP = NO;
				DEBUG_INFORMATION_FORMAT = "dwarf-with-dsym";
				ENABLE_NS_ASSERTIONS = NO;
				ENABLE_STRICT_OBJC_MSGSEND = YES;
				ENABLE_USER_SCRIPT_SANDBOXING = YES;
				GCC_C_LANGUAGE_STANDARD = gnu17;
				GCC_NO_COMMON_BLOCKS = YES;
				GCC_WARN_64_TO_32_BIT_CONVERSION = YES;
				GCC_WARN_ABOUT_RETURN_TYPE = YES_ERROR;
				GCC_WARN_UNDECLARED_SELECTOR = YES;
				GCC_WARN_UNINITIALIZED_AUTOS = YES_AGGRESSIVE;
				GCC_WARN_UNUSED_FUNCTION = YES;
				GCC_WARN_UNUSED_VARIABLE = YES;
				IPHONEOS_DEPLOYMENT_TARGET = 17.0;
				LOCALIZATION_PREFERS_STRING_CATALOGS = YES;
				MTL_ENABLE_DEBUG_INFO = NO;
				MTL_FAST_MATH = YES;
				SDKROOT = iphoneos;
				SWIFT_COMPILATION_MODE = wholemodule;
				VALIDATE_PRODUCT = YES;
			};
			name = Release;
		};
		BB0A17632B8CFCCC004B90D7 /* Debug */ = {
			isa = XCBuildConfiguration;
			buildSettings = {
				ASSETCATALOG_COMPILER_APPICON_NAME = AppIcon;
				ASSETCATALOG_COMPILER_GLOBAL_ACCENT_COLOR_NAME = AccentColor;
				CODE_SIGN_STYLE = Automatic;
				CURRENT_PROJECT_VERSION = 1;
				GENERATE_INFOPLIST_FILE = YES;
				INFOPLIST_FILE = "Hello Metal/Info.plist";
				INFOPLIST_KEY_UIApplicationSupportsIndirectInputEvents = YES;
				INFOPLIST_KEY_UILaunchStoryboardName = LaunchScreen;
				INFOPLIST_KEY_UIMainStoryboardFile = Main;
				INFOPLIST_KEY_UISupportedInterfaceOrientations_iPad = "UIInterfaceOrientationPortrait UIInterfaceOrientationPortraitUpsideDown UIInterfaceOrientationLandscapeLeft UIInterfaceOrientationLandscapeRight";
				INFOPLIST_KEY_UISupportedInterfaceOrientations_iPhone = "UIInterfaceOrientationPortrait UIInterfaceOrientationLandscapeLeft UIInterfaceOrientationLandscapeRight";
				LD_RUNPATH_SEARCH_PATHS = (
					"$(inherited)",
					"@executable_path/Frameworks",
				);
				MARKETING_VERSION = 1.0;
				PRODUCT_BUNDLE_IDENTIFIER = "sliver.Hello-Metal";
				PRODUCT_NAME = "$(TARGET_NAME)";
				SWIFT_EMIT_LOC_STRINGS = YES;
				SWIFT_VERSION = 5.0;
				TARGETED_DEVICE_FAMILY = "1,2";
			};
			name = Debug;
		};
		BB0A17642B8CFCCC004B90D7 /* Release */ = {
			isa = XCBuildConfiguration;
			buildSettings = {
				ASSETCATALOG_COMPILER_APPICON_NAME = AppIcon;
				ASSETCATALOG_COMPILER_GLOBAL_ACCENT_COLOR_NAME = AccentColor;
				CODE_SIGN_STYLE = Automatic;
				CURRENT_PROJECT_VERSION = 1;
				GENERATE_INFOPLIST_FILE = YES;
				INFOPLIST_FILE = "Hello Metal/Info.plist";
				INFOPLIST_KEY_UIApplicationSupportsIndirectInputEvents = YES;
				INFOPLIST_KEY_UILaunchStoryboardName = LaunchScreen;
				INFOPLIST_KEY_UIMainStoryboardFile = Main;
				INFOPLIST_KEY_UISupportedInterfaceOrientations_iPad = "UIInterfaceOrientationPortrait UIInterfaceOrientationPortraitUpsideDown UIInterfaceOrientationLandscapeLeft UIInterfaceOrientationLandscapeRight";
				INFOPLIST_KEY_UISupportedInterfaceOrientations_iPhone = "UIInterfaceOrientationPortrait UIInterfaceOrientationLandscapeLeft UIInterfaceOrientationLandscapeRight";
				LD_RUNPATH_SEARCH_PATHS = (
					"$(inherited)",
					"@executable_path/Frameworks",
				);
				MARKETING_VERSION = 1.0;
				PRODUCT_BUNDLE_IDENTIFIER = "sliver.Hello-Metal";
				PRODUCT_NAME = "$(TARGET_NAME)";
				SWIFT_EMIT_LOC_STRINGS = YES;
				SWIFT_VERSION = 5.0;
				TARGETED_DEVICE_FAMILY = "1,2";
			};
			name = Release;
		};
		BB0A17662B8CFCCC004B90D7 /* Debug */ = {
			isa = XCBuildConfiguration;
			buildSettings = {
				ALWAYS_EMBED_SWIFT_STANDARD_LIBRARIES = YES;
				BUNDLE_LOADER = "$(TEST_HOST)";
				CODE_SIGN_STYLE = Automatic;
				CURRENT_PROJECT_VERSION = 1;
				GENERATE_INFOPLIST_FILE = YES;
				IPHONEOS_DEPLOYMENT_TARGET = 17.0;
				MARKETING_VERSION = 1.0;
				PRODUCT_BUNDLE_IDENTIFIER = "sliver.Hello-MetalTests";
				PRODUCT_NAME = "$(TARGET_NAME)";
				SWIFT_EMIT_LOC_STRINGS = NO;
				SWIFT_VERSION = 5.0;
				TARGETED_DEVICE_FAMILY = "1,2";
				TEST_HOST = "$(BUILT_PRODUCTS_DIR)/Hello Metal.app/$(BUNDLE_EXECUTABLE_FOLDER_PATH)/Hello Metal";
			};
			name = Debug;
		};
		BB0A17672B8CFCCC004B90D7 /* Release */ = {
			isa = XCBuildConfiguration;
			buildSettings = {
				ALWAYS_EMBED_SWIFT_STANDARD_LIBRARIES = YES;
				BUNDLE_LOADER = "$(TEST_HOST)";
				CODE_SIGN_STYLE = Automatic;
				CURRENT_PROJECT_VERSION = 1;
				GENERATE_INFOPLIST_FILE = YES;
				IPHONEOS_DEPLOYMENT_TARGET = 17.0;
				MARKETING_VERSION = 1.0;
				PRODUCT_BUNDLE_IDENTIFIER = "sliver.Hello-MetalTests";
				PRODUCT_NAME = "$(TARGET_NAME)";
				SWIFT_EMIT_LOC_STRINGS = NO;
				SWIFT_VERSION = 5.0;
				TARGETED_DEVICE_FAMILY = "1,2";
				TEST_HOST = "$(BUILT_PRODUCTS_DIR)/Hello Metal.app/$(BUNDLE_EXECUTABLE_FOLDER_PATH)/Hello Metal";
			};
			name = Release;
		};
		BB0A17692B8CFCCC004B90D7 /* Debug */ = {
			isa = XCBuildConfiguration;
			buildSettings = {
				ALWAYS_EMBED_SWIFT_STANDARD_LIBRARIES = YES;
				CODE_SIGN_STYLE = Automatic;
				CURRENT_PROJECT_VERSION = 1;
				GENERATE_INFOPLIST_FILE = YES;
				MARKETING_VERSION = 1.0;
				PRODUCT_BUNDLE_IDENTIFIER = "sliver.Hello-MetalUITests";
				PRODUCT_NAME = "$(TARGET_NAME)";
				SWIFT_EMIT_LOC_STRINGS = NO;
				SWIFT_VERSION = 5.0;
				TARGETED_DEVICE_FAMILY = "1,2";
				TEST_TARGET_NAME = "Hello Metal";
			};
			name = Debug;
		};
		BB0A176A2B8CFCCC004B90D7 /* Release */ = {
			isa = XCBuildConfiguration;
			buildSettings = {
				ALWAYS_EMBED_SWIFT_STANDARD_LIBRARIES = YES;
				CODE_SIGN_STYLE = Automatic;
				CURRENT_PROJECT_VERSION = 1;
				GENERATE_INFOPLIST_FILE = YES;
				MARKETING_VERSION = 1.0;
				PRODUCT_BUNDLE_IDENTIFIER = "sliver.Hello-MetalUITests";
				PRODUCT_NAME = "$(TARGET_NAME)";
				SWIFT_EMIT_LOC_STRINGS = NO;
				SWIFT_VERSION = 5.0;
				TARGETED_DEVICE_FAMILY = "1,2";
				TEST_TARGET_NAME = "Hello Metal";
			};
			name = Release;
		};
/* End XCBuildConfiguration section */

/* Begin XCConfigurationList section */
		BB0A17332B8CFCCA004B90D7 /* Build configuration list for PBXProject "Hello Metal" */ = {
			isa = XCConfigurationList;
			buildConfigurations = (
				BB0A17602B8CFCCC004B90D7 /* Debug */,
				BB0A17612B8CFCCC004B90D7 /* Release */,
			);
			defaultConfigurationIsVisible = 0;
			defaultConfigurationName = Release;
		};
		BB0A17622B8CFCCC004B90D7 /* Build configuration list for PBXNativeTarget "Hello Metal" */ = {
			isa = XCConfigurationList;
			buildConfigurations = (
				BB0A17632B8CFCCC004B90D7 /* Debug */,
				BB0A17642B8CFCCC004B90D7 /* Release */,
			);
			defaultConfigurationIsVisible = 0;
			defaultConfigurationName = Release;
		};
		BB0A17652B8CFCCC004B90D7 /* Build configuration list for PBXNativeTarget "Hello MetalTests" */ = {
			isa = XCConfigurationList;
			buildConfigurations = (
				BB0A17662B8CFCCC004B90D7 /* Debug */,
				BB0A17672B8CFCCC004B90D7 /* Release */,
			);
			defaultConfigurationIsVisible = 0;
			defaultConfigurationName = Release;
		};
		BB0A17682B8CFCCC004B90D7 /* Build configuration list for PBXNativeTarget "Hello MetalUITests" */ = {
			isa = XCConfigurationList;
			buildConfigurations = (
				BB0A17692B8CFCCC004B90D7 /* Debug */,
				BB0A176A2B8CFCCC004B90D7 /* Release */,
			);
			defaultConfigurationIsVisible = 0;
			defaultConfigurationName = Release;
		};
/* End XCConfigurationList section */
	};
	rootObject = BB0A17302B8CFCCA004B90D7 /* Project object */;
}
